
Microsoft Visual Studio Solution File, Format Version 12.00
# Visual Studio Version 17
VisualStudioVersion = 17.0.31903.59
MinimumVisualStudioVersion = 10.0.40219.1
Project("{2150E333-8FDC-42A3-9474-1A3956D46DE8}") = "src", "src", "{827E0CD3-B72D-47B6-A68D-7590B98EB39B}"
EndProject
Project("{FAE04EC0-301F-11D3-BF4B-00C04F79EFBC}") = "Expenses.Api", "src\Expenses.Api\Expenses.Api.csproj", "{F94C65B9-76C0-4A82-B820-276BE6940EC1}"
EndProject
Project("{FAE04EC0-301F-11D3-BF4B-00C04F79EFBC}") = "Expenses.Domain", "src\Expenses.Domain\Expenses.Domain.csproj", "{404C23BB-7140-4271-A1CF-12A0CEA79C10}"
EndProject
Project("{FAE04EC0-301F-11D3-BF4B-00C04F79EFBC}") = "Expenses.Infrastructure", "src\Expenses.Infrastructure\Expenses.Infrastructure.csproj", "{B878F6C8-C305-4210-9BA8-5C08E5092E54}"
EndProject
Project("{FAE04EC0-301F-11D3-BF4B-00C04F79EFBC}") = "Expenses.Application", "src\Expenses.Application\Expenses.Application.csproj", "{B117E5E6-911D-49D5-A7F9-ACB1952AE95B}"
EndProject
Global
	GlobalSection(SolutionConfigurationPlatforms) = preSolution
		Debug|Any CPU = Debug|Any CPU
		Debug|x64 = Debug|x64
		Debug|x86 = Debug|x86
		Release|Any CPU = Release|Any CPU
		Release|x64 = Release|x64
		Release|x86 = Release|x86
	EndGlobalSection
	GlobalSection(ProjectConfigurationPlatforms) = postSolution
		{F94C65B9-76C0-4A82-B820-276BE6940EC1}.Debug|Any CPU.ActiveCfg = Debug|Any CPU
		{F94C65B9-76C0-4A82-B820-276BE6940EC1}.Debug|Any CPU.Build.0 = Debug|Any CPU
		{F94C65B9-76C0-4A82-B820-276BE6940EC1}.Debug|x64.ActiveCfg = Debug|Any CPU
		{F94C65B9-76C0-4A82-B820-276BE6940EC1}.Debug|x64.Build.0 = Debug|Any CPU
		{F94C65B9-76C0-4A82-B820-276BE6940EC1}.Debug|x86.ActiveCfg = Debug|Any CPU
		{F94C65B9-76C0-4A82-B820-276BE6940EC1}.Debug|x86.Build.0 = Debug|Any CPU
		{F94C65B9-76C0-4A82-B820-276BE6940EC1}.Release|Any CPU.ActiveCfg = Release|Any CPU
		{F94C65B9-76C0-4A82-B820-276BE6940EC1}.Release|Any CPU.Build.0 = Release|Any CPU
		{F94C65B9-76C0-4A82-B820-276BE6940EC1}.Release|x64.ActiveCfg = Release|Any CPU
		{F94C65B9-76C0-4A82-B820-276BE6940EC1}.Release|x64.Build.0 = Release|Any CPU
		{F94C65B9-76C0-4A82-B820-276BE6940EC1}.Release|x86.ActiveCfg = Release|Any CPU
		{F94C65B9-76C0-4A82-B820-276BE6940EC1}.Release|x86.Build.0 = Release|Any CPU
		{404C23BB-7140-4271-A1CF-12A0CEA79C10}.Debug|Any CPU.ActiveCfg = Debug|Any CPU
		{404C23BB-7140-4271-A1CF-12A0CEA79C10}.Debug|Any CPU.Build.0 = Debug|Any CPU
		{404C23BB-7140-4271-A1CF-12A0CEA79C10}.Debug|x64.ActiveCfg = Debug|Any CPU
		{404C23BB-7140-4271-A1CF-12A0CEA79C10}.Debug|x64.Build.0 = Debug|Any CPU
		{404C23BB-7140-4271-A1CF-12A0CEA79C10}.Debug|x86.ActiveCfg = Debug|Any CPU
		{404C23BB-7140-4271-A1CF-12A0CEA79C10}.Debug|x86.Build.0 = Debug|Any CPU
		{404C23BB-7140-4271-A1CF-12A0CEA79C10}.Release|Any CPU.ActiveCfg = Release|Any CPU
		{404C23BB-7140-4271-A1CF-12A0CEA79C10}.Release|Any CPU.Build.0 = Release|Any CPU
		{404C23BB-7140-4271-A1CF-12A0CEA79C10}.Release|x64.ActiveCfg = Release|Any CPU
		{404C23BB-7140-4271-A1CF-12A0CEA79C10}.Release|x64.Build.0 = Release|Any CPU
		{404C23BB-7140-4271-A1CF-12A0CEA79C10}.Release|x86.ActiveCfg = Release|Any CPU
		{404C23BB-7140-4271-A1CF-12A0CEA79C10}.Release|x86.Build.0 = Release|Any CPU
		{B878F6C8-C305-4210-9BA8-5C08E5092E54}.Debug|Any CPU.ActiveCfg = Debug|Any CPU
		{B878F6C8-C305-4210-9BA8-5C08E5092E54}.Debug|Any CPU.Build.0 = Debug|Any CPU
		{B878F6C8-C305-4210-9BA8-5C08E5092E54}.Debug|x64.ActiveCfg = Debug|Any CPU
		{B878F6C8-C305-4210-9BA8-5C08E5092E54}.Debug|x64.Build.0 = Debug|Any CPU
		{B878F6C8-C305-4210-9BA8-5C08E5092E54}.Debug|x86.ActiveCfg = Debug|Any CPU
		{B878F6C8-C305-4210-9BA8-5C08E5092E54}.Debug|x86.Build.0 = Debug|Any CPU
		{B878F6C8-C305-4210-9BA8-5C08E5092E54}.Release|Any CPU.ActiveCfg = Release|Any CPU
		{B878F6C8-C305-4210-9BA8-5C08E5092E54}.Release|Any CPU.Build.0 = Release|Any CPU
		{B878F6C8-C305-4210-9BA8-5C08E5092E54}.Release|x64.ActiveCfg = Release|Any CPU
		{B878F6C8-C305-4210-9BA8-5C08E5092E54}.Release|x64.Build.0 = Release|Any CPU
		{B878F6C8-C305-4210-9BA8-5C08E5092E54}.Release|x86.ActiveCfg = Release|Any CPU
		{B878F6C8-C305-4210-9BA8-5C08E5092E54}.Release|x86.Build.0 = Release|Any CPU
		{B117E5E6-911D-49D5-A7F9-ACB1952AE95B}.Debug|Any CPU.ActiveCfg = Debug|Any CPU
		{B117E5E6-911D-49D5-A7F9-ACB1952AE95B}.Debug|Any CPU.Build.0 = Debug|Any CPU
		{B117E5E6-911D-49D5-A7F9-ACB1952AE95B}.Debug|x64.ActiveCfg = Debug|Any CPU
		{B117E5E6-911D-49D5-A7F9-ACB1952AE95B}.Debug|x64.Build.0 = Debug|Any CPU
		{B117E5E6-911D-49D5-A7F9-ACB1952AE95B}.Debug|x86.ActiveCfg = Debug|Any CPU
		{B117E5E6-911D-49D5-A7F9-ACB1952AE95B}.Debug|x86.Build.0 = Debug|Any CPU
		{B117E5E6-911D-49D5-A7F9-ACB1952AE95B}.Release|Any CPU.ActiveCfg = Release|Any CPU
		{B117E5E6-911D-49D5-A7F9-ACB1952AE95B}.Release|Any CPU.Build.0 = Release|Any CPU
		{B117E5E6-911D-49D5-A7F9-ACB1952AE95B}.Release|x64.ActiveCfg = Release|Any CPU
		{B117E5E6-911D-49D5-A7F9-ACB1952AE95B}.Release|x64.Build.0 = Release|Any CPU
		{B117E5E6-911D-49D5-A7F9-ACB1952AE95B}.Release|x86.ActiveCfg = Release|Any CPU
		{B117E5E6-911D-49D5-A7F9-ACB1952AE95B}.Release|x86.Build.0 = Release|Any CPU
	EndGlobalSection
	GlobalSection(SolutionProperties) = preSolution
		HideSolutionNode = FALSE
	EndGlobalSection
	GlobalSection(NestedProjects) = preSolution
		{F94C65B9-76C0-4A82-B820-276BE6940EC1} = {827E0CD3-B72D-47B6-A68D-7590B98EB39B}
		{404C23BB-7140-4271-A1CF-12A0CEA79C10} = {827E0CD3-B72D-47B6-A68D-7590B98EB39B}
		{B878F6C8-C305-4210-9BA8-5C08E5092E54} = {827E0CD3-B72D-47B6-A68D-7590B98EB39B}
		{B117E5E6-911D-49D5-A7F9-ACB1952AE95B} = {827E0CD3-B72D-47B6-A68D-7590B98EB39B}
	EndGlobalSection
EndGlobal
